// !$*UTF8*$!
{
	archiveVersion = 1;
	classes = {
	};
	objectVersion = 50;
	objects = {

/* Begin PBXBuildFile section */
		24351C452324DEAA00BCA5C2 /* AppDelegate.swift in Sources */ = {isa = PBXBuildFile; fileRef = 24351C442324DEAA00BCA5C2 /* AppDelegate.swift */; };
		24351C472324DEAA00BCA5C2 /* ViewController.swift in Sources */ = {isa = PBXBuildFile; fileRef = 24351C462324DEAA00BCA5C2 /* ViewController.swift */; };
		24351C4A2324DEAA00BCA5C2 /* Main.storyboard in Resources */ = {isa = PBXBuildFile; fileRef = 24351C482324DEAA00BCA5C2 /* Main.storyboard */; };
		24351C4C2324DEAB00BCA5C2 /* Assets.xcassets in Resources */ = {isa = PBXBuildFile; fileRef = 24351C4B2324DEAB00BCA5C2 /* Assets.xcassets */; };
		24351C4F2324DEAB00BCA5C2 /* LaunchScreen.storyboard in Resources */ = {isa = PBXBuildFile; fileRef = 24351C4D2324DEAB00BCA5C2 /* LaunchScreen.storyboard */; };
		24351C5A2324DEAB00BCA5C2 /* LocationNotifyTests.swift in Sources */ = {isa = PBXBuildFile; fileRef = 24351C592324DEAB00BCA5C2 /* LocationNotifyTests.swift */; };
		24351C652324DEAB00BCA5C2 /* LocationNotifyUITests.swift in Sources */ = {isa = PBXBuildFile; fileRef = 24351C642324DEAB00BCA5C2 /* LocationNotifyUITests.swift */; };
		24351C6A2324DEAB00BCA5C2 /* LocationNotify WatchKit App.app in Embed Watch Content */ = {isa = PBXBuildFile; fileRef = 24351C692324DEAB00BCA5C2 /* LocationNotify WatchKit App.app */; };
		24351C702324DEAB00BCA5C2 /* Interface.storyboard in Resources */ = {isa = PBXBuildFile; fileRef = 24351C6E2324DEAB00BCA5C2 /* Interface.storyboard */; };
		24351C722324DEAC00BCA5C2 /* Assets.xcassets in Resources */ = {isa = PBXBuildFile; fileRef = 24351C712324DEAC00BCA5C2 /* Assets.xcassets */; };
		24351C792324DEAC00BCA5C2 /* LocationNotify WatchKit Extension.appex in Embed App Extensions */ = {isa = PBXBuildFile; fileRef = 24351C782324DEAC00BCA5C2 /* LocationNotify WatchKit Extension.appex */; settings = {ATTRIBUTES = (RemoveHeadersOnCopy, ); }; };
		24351C7E2324DEAC00BCA5C2 /* InterfaceController.swift in Sources */ = {isa = PBXBuildFile; fileRef = 24351C7D2324DEAC00BCA5C2 /* InterfaceController.swift */; };
		24351C802324DEAC00BCA5C2 /* ExtensionDelegate.swift in Sources */ = {isa = PBXBuildFile; fileRef = 24351C7F2324DEAC00BCA5C2 /* ExtensionDelegate.swift */; };
		24351C822324DEAC00BCA5C2 /* NotificationController.swift in Sources */ = {isa = PBXBuildFile; fileRef = 24351C812324DEAC00BCA5C2 /* NotificationController.swift */; };
		24351C842324DEAC00BCA5C2 /* ComplicationController.swift in Sources */ = {isa = PBXBuildFile; fileRef = 24351C832324DEAC00BCA5C2 /* ComplicationController.swift */; };
		24351C862324DEAC00BCA5C2 /* Assets.xcassets in Resources */ = {isa = PBXBuildFile; fileRef = 24351C852324DEAC00BCA5C2 /* Assets.xcassets */; };
/* End PBXBuildFile section */

/* Begin PBXContainerItemProxy section */
		24351C562324DEAB00BCA5C2 /* PBXContainerItemProxy */ = {
			isa = PBXContainerItemProxy;
			containerPortal = 24351C392324DEAA00BCA5C2 /* Project object */;
			proxyType = 1;
			remoteGlobalIDString = 24351C402324DEAA00BCA5C2;
			remoteInfo = LocationNotify;
		};
		24351C612324DEAB00BCA5C2 /* PBXContainerItemProxy */ = {
			isa = PBXContainerItemProxy;
			containerPortal = 24351C392324DEAA00BCA5C2 /* Project object */;
			proxyType = 1;
			remoteGlobalIDString = 24351C402324DEAA00BCA5C2;
			remoteInfo = LocationNotify;
		};
		24351C6B2324DEAB00BCA5C2 /* PBXContainerItemProxy */ = {
			isa = PBXContainerItemProxy;
			containerPortal = 24351C392324DEAA00BCA5C2 /* Project object */;
			proxyType = 1;
			remoteGlobalIDString = 24351C682324DEAB00BCA5C2;
			remoteInfo = "LocationNotify WatchKit App";
		};
		24351C7A2324DEAC00BCA5C2 /* PBXContainerItemProxy */ = {
			isa = PBXContainerItemProxy;
			containerPortal = 24351C392324DEAA00BCA5C2 /* Project object */;
			proxyType = 1;
			remoteGlobalIDString = 24351C772324DEAC00BCA5C2;
			remoteInfo = "LocationNotify WatchKit Extension";
		};
/* End PBXContainerItemProxy section */

/* Begin PBXCopyFilesBuildPhase section */
		24351C8E2324DEAC00BCA5C2 /* Embed App Extensions */ = {
			isa = PBXCopyFilesBuildPhase;
			buildActionMask = 2147483647;
			dstPath = "";
			dstSubfolderSpec = 13;
			files = (
				24351C792324DEAC00BCA5C2 /* LocationNotify WatchKit Extension.appex in Embed App Extensions */,
			);
			name = "Embed App Extensions";
			runOnlyForDeploymentPostprocessing = 0;
		};
		24351C922324DEAC00BCA5C2 /* Embed Watch Content */ = {
			isa = PBXCopyFilesBuildPhase;
			buildActionMask = 2147483647;
			dstPath = "$(CONTENTS_FOLDER_PATH)/Watch";
			dstSubfolderSpec = 16;
			files = (
				24351C6A2324DEAB00BCA5C2 /* LocationNotify WatchKit App.app in Embed Watch Content */,
			);
			name = "Embed Watch Content";
			runOnlyForDeploymentPostprocessing = 0;
		};
/* End PBXCopyFilesBuildPhase section */

/* Begin PBXFileReference section */
		24351C412324DEAA00BCA5C2 /* LocationNotify.app */ = {isa = PBXFileReference; explicitFileType = wrapper.application; includeInIndex = 0; path = LocationNotify.app; sourceTree = BUILT_PRODUCTS_DIR; };
		24351C442324DEAA00BCA5C2 /* AppDelegate.swift */ = {isa = PBXFileReference; lastKnownFileType = sourcecode.swift; path = AppDelegate.swift; sourceTree = "<group>"; };
		24351C462324DEAA00BCA5C2 /* ViewController.swift */ = {isa = PBXFileReference; lastKnownFileType = sourcecode.swift; path = ViewController.swift; sourceTree = "<group>"; };
		24351C492324DEAA00BCA5C2 /* Base */ = {isa = PBXFileReference; lastKnownFileType = file.storyboard; name = Base; path = Base.lproj/Main.storyboard; sourceTree = "<group>"; };
		24351C4B2324DEAB00BCA5C2 /* Assets.xcassets */ = {isa = PBXFileReference; lastKnownFileType = folder.assetcatalog; path = Assets.xcassets; sourceTree = "<group>"; };
		24351C4E2324DEAB00BCA5C2 /* Base */ = {isa = PBXFileReference; lastKnownFileType = file.storyboard; name = Base; path = Base.lproj/LaunchScreen.storyboard; sourceTree = "<group>"; };
		24351C502324DEAB00BCA5C2 /* Info.plist */ = {isa = PBXFileReference; lastKnownFileType = text.plist.xml; path = Info.plist; sourceTree = "<group>"; };
		24351C552324DEAB00BCA5C2 /* LocationNotifyTests.xctest */ = {isa = PBXFileReference; explicitFileType = wrapper.cfbundle; includeInIndex = 0; path = LocationNotifyTests.xctest; sourceTree = BUILT_PRODUCTS_DIR; };
		24351C592324DEAB00BCA5C2 /* LocationNotifyTests.swift */ = {isa = PBXFileReference; lastKnownFileType = sourcecode.swift; path = LocationNotifyTests.swift; sourceTree = "<group>"; };
		24351C5B2324DEAB00BCA5C2 /* Info.plist */ = {isa = PBXFileReference; lastKnownFileType = text.plist.xml; path = Info.plist; sourceTree = "<group>"; };
		24351C602324DEAB00BCA5C2 /* LocationNotifyUITests.xctest */ = {isa = PBXFileReference; explicitFileType = wrapper.cfbundle; includeInIndex = 0; path = LocationNotifyUITests.xctest; sourceTree = BUILT_PRODUCTS_DIR; };
		24351C642324DEAB00BCA5C2 /* LocationNotifyUITests.swift */ = {isa = PBXFileReference; lastKnownFileType = sourcecode.swift; path = LocationNotifyUITests.swift; sourceTree = "<group>"; };
		24351C662324DEAB00BCA5C2 /* Info.plist */ = {isa = PBXFileReference; lastKnownFileType = text.plist.xml; path = Info.plist; sourceTree = "<group>"; };
		24351C692324DEAB00BCA5C2 /* LocationNotify WatchKit App.app */ = {isa = PBXFileReference; explicitFileType = wrapper.application; includeInIndex = 0; path = "LocationNotify WatchKit App.app"; sourceTree = BUILT_PRODUCTS_DIR; };
		24351C6F2324DEAB00BCA5C2 /* Base */ = {isa = PBXFileReference; lastKnownFileType = file.storyboard; name = Base; path = Base.lproj/Interface.storyboard; sourceTree = "<group>"; };
		24351C712324DEAC00BCA5C2 /* Assets.xcassets */ = {isa = PBXFileReference; lastKnownFileType = folder.assetcatalog; path = Assets.xcassets; sourceTree = "<group>"; };
		24351C732324DEAC00BCA5C2 /* Info.plist */ = {isa = PBXFileReference; lastKnownFileType = text.plist.xml; path = Info.plist; sourceTree = "<group>"; };
		24351C782324DEAC00BCA5C2 /* LocationNotify WatchKit Extension.appex */ = {isa = PBXFileReference; explicitFileType = "wrapper.app-extension"; includeInIndex = 0; path = "LocationNotify WatchKit Extension.appex"; sourceTree = BUILT_PRODUCTS_DIR; };
		24351C7D2324DEAC00BCA5C2 /* InterfaceController.swift */ = {isa = PBXFileReference; lastKnownFileType = sourcecode.swift; path = InterfaceController.swift; sourceTree = "<group>"; };
		24351C7F2324DEAC00BCA5C2 /* ExtensionDelegate.swift */ = {isa = PBXFileReference; lastKnownFileType = sourcecode.swift; path = ExtensionDelegate.swift; sourceTree = "<group>"; };
		24351C812324DEAC00BCA5C2 /* NotificationController.swift */ = {isa = PBXFileReference; lastKnownFileType = sourcecode.swift; path = NotificationController.swift; sourceTree = "<group>"; };
		24351C832324DEAC00BCA5C2 /* ComplicationController.swift */ = {isa = PBXFileReference; lastKnownFileType = sourcecode.swift; path = ComplicationController.swift; sourceTree = "<group>"; };
		24351C852324DEAC00BCA5C2 /* Assets.xcassets */ = {isa = PBXFileReference; lastKnownFileType = folder.assetcatalog; path = Assets.xcassets; sourceTree = "<group>"; };
		24351C872324DEAC00BCA5C2 /* Info.plist */ = {isa = PBXFileReference; lastKnownFileType = text.plist.xml; path = Info.plist; sourceTree = "<group>"; };
		24351C882324DEAC00BCA5C2 /* PushNotificationPayload.apns */ = {isa = PBXFileReference; lastKnownFileType = text; path = PushNotificationPayload.apns; sourceTree = "<group>"; };
		24E58B902324E35200CA0EAB /* LocationNotify WatchKit Extension.entitlements */ = {isa = PBXFileReference; lastKnownFileType = text.plist.entitlements; path = "LocationNotify WatchKit Extension.entitlements"; sourceTree = "<group>"; };
		24E58B912325035A00CA0EAB /* tokyo_to_yokohama.gpx */ = {isa = PBXFileReference; lastKnownFileType = text.xml; name = tokyo_to_yokohama.gpx; path = ../../../devel/tokyo_to_yokohama.gpx; sourceTree = "<group>"; };
/* End PBXFileReference section */

/* Begin PBXFrameworksBuildPhase section */
		24351C3E2324DEAA00BCA5C2 /* Frameworks */ = {
			isa = PBXFrameworksBuildPhase;
			buildActionMask = 2147483647;
			files = (
			);
			runOnlyForDeploymentPostprocessing = 0;
		};
		24351C522324DEAB00BCA5C2 /* Frameworks */ = {
			isa = PBXFrameworksBuildPhase;
			buildActionMask = 2147483647;
			files = (
			);
			runOnlyForDeploymentPostprocessing = 0;
		};
		24351C5D2324DEAB00BCA5C2 /* Frameworks */ = {
			isa = PBXFrameworksBuildPhase;
			buildActionMask = 2147483647;
			files = (
			);
			runOnlyForDeploymentPostprocessing = 0;
		};
		24351C752324DEAC00BCA5C2 /* Frameworks */ = {
			isa = PBXFrameworksBuildPhase;
			buildActionMask = 2147483647;
			files = (
			);
			runOnlyForDeploymentPostprocessing = 0;
		};
/* End PBXFrameworksBuildPhase section */

/* Begin PBXGroup section */
		24351C382324DEAA00BCA5C2 = {
			isa = PBXGroup;
			children = (
				24E58B912325035A00CA0EAB /* tokyo_to_yokohama.gpx */,
				24351C432324DEAA00BCA5C2 /* LocationNotify */,
				24351C582324DEAB00BCA5C2 /* LocationNotifyTests */,
				24351C632324DEAB00BCA5C2 /* LocationNotifyUITests */,
				24351C6D2324DEAB00BCA5C2 /* LocationNotify WatchKit App */,
				24351C7C2324DEAC00BCA5C2 /* LocationNotify WatchKit Extension */,
				24351C422324DEAA00BCA5C2 /* Products */,
			);
			sourceTree = "<group>";
		};
		24351C422324DEAA00BCA5C2 /* Products */ = {
			isa = PBXGroup;
			children = (
				24351C412324DEAA00BCA5C2 /* LocationNotify.app */,
				24351C552324DEAB00BCA5C2 /* LocationNotifyTests.xctest */,
				24351C602324DEAB00BCA5C2 /* LocationNotifyUITests.xctest */,
				24351C692324DEAB00BCA5C2 /* LocationNotify WatchKit App.app */,
				24351C782324DEAC00BCA5C2 /* LocationNotify WatchKit Extension.appex */,
			);
			name = Products;
			sourceTree = "<group>";
		};
		24351C432324DEAA00BCA5C2 /* LocationNotify */ = {
			isa = PBXGroup;
			children = (
				24351C442324DEAA00BCA5C2 /* AppDelegate.swift */,
				24351C462324DEAA00BCA5C2 /* ViewController.swift */,
				24351C482324DEAA00BCA5C2 /* Main.storyboard */,
				24351C4B2324DEAB00BCA5C2 /* Assets.xcassets */,
				24351C4D2324DEAB00BCA5C2 /* LaunchScreen.storyboard */,
				24351C502324DEAB00BCA5C2 /* Info.plist */,
			);
			path = LocationNotify;
			sourceTree = "<group>";
		};
		24351C582324DEAB00BCA5C2 /* LocationNotifyTests */ = {
			isa = PBXGroup;
			children = (
				24351C592324DEAB00BCA5C2 /* LocationNotifyTests.swift */,
				24351C5B2324DEAB00BCA5C2 /* Info.plist */,
			);
			path = LocationNotifyTests;
			sourceTree = "<group>";
		};
		24351C632324DEAB00BCA5C2 /* LocationNotifyUITests */ = {
			isa = PBXGroup;
			children = (
				24351C642324DEAB00BCA5C2 /* LocationNotifyUITests.swift */,
				24351C662324DEAB00BCA5C2 /* Info.plist */,
			);
			path = LocationNotifyUITests;
			sourceTree = "<group>";
		};
		24351C6D2324DEAB00BCA5C2 /* LocationNotify WatchKit App */ = {
			isa = PBXGroup;
			children = (
				24351C6E2324DEAB00BCA5C2 /* Interface.storyboard */,
				24351C712324DEAC00BCA5C2 /* Assets.xcassets */,
				24351C732324DEAC00BCA5C2 /* Info.plist */,
			);
			path = "LocationNotify WatchKit App";
			sourceTree = "<group>";
		};
		24351C7C2324DEAC00BCA5C2 /* LocationNotify WatchKit Extension */ = {
			isa = PBXGroup;
			children = (
				24E58B902324E35200CA0EAB /* LocationNotify WatchKit Extension.entitlements */,
				24351C7D2324DEAC00BCA5C2 /* InterfaceController.swift */,
				24351C7F2324DEAC00BCA5C2 /* ExtensionDelegate.swift */,
				24351C812324DEAC00BCA5C2 /* NotificationController.swift */,
				24351C832324DEAC00BCA5C2 /* ComplicationController.swift */,
				24351C852324DEAC00BCA5C2 /* Assets.xcassets */,
				24351C872324DEAC00BCA5C2 /* Info.plist */,
				24351C882324DEAC00BCA5C2 /* PushNotificationPayload.apns */,
			);
			path = "LocationNotify WatchKit Extension";
			sourceTree = "<group>";
		};
/* End PBXGroup section */

/* Begin PBXNativeTarget section */
		24351C402324DEAA00BCA5C2 /* LocationNotify */ = {
			isa = PBXNativeTarget;
			buildConfigurationList = 24351C932324DEAC00BCA5C2 /* Build configuration list for PBXNativeTarget "LocationNotify" */;
			buildPhases = (
				24351C3D2324DEAA00BCA5C2 /* Sources */,
				24351C3E2324DEAA00BCA5C2 /* Frameworks */,
				24351C3F2324DEAA00BCA5C2 /* Resources */,
				24351C922324DEAC00BCA5C2 /* Embed Watch Content */,
			);
			buildRules = (
			);
			dependencies = (
				24351C6C2324DEAB00BCA5C2 /* PBXTargetDependency */,
			);
			name = LocationNotify;
			productName = LocationNotify;
			productReference = 24351C412324DEAA00BCA5C2 /* LocationNotify.app */;
			productType = "com.apple.product-type.application";
		};
		24351C542324DEAB00BCA5C2 /* LocationNotifyTests */ = {
			isa = PBXNativeTarget;
			buildConfigurationList = 24351C962324DEAC00BCA5C2 /* Build configuration list for PBXNativeTarget "LocationNotifyTests" */;
			buildPhases = (
				24351C512324DEAB00BCA5C2 /* Sources */,
				24351C522324DEAB00BCA5C2 /* Frameworks */,
				24351C532324DEAB00BCA5C2 /* Resources */,
			);
			buildRules = (
			);
			dependencies = (
				24351C572324DEAB00BCA5C2 /* PBXTargetDependency */,
			);
			name = LocationNotifyTests;
			productName = LocationNotifyTests;
			productReference = 24351C552324DEAB00BCA5C2 /* LocationNotifyTests.xctest */;
			productType = "com.apple.product-type.bundle.unit-test";
		};
		24351C5F2324DEAB00BCA5C2 /* LocationNotifyUITests */ = {
			isa = PBXNativeTarget;
			buildConfigurationList = 24351C992324DEAC00BCA5C2 /* Build configuration list for PBXNativeTarget "LocationNotifyUITests" */;
			buildPhases = (
				24351C5C2324DEAB00BCA5C2 /* Sources */,
				24351C5D2324DEAB00BCA5C2 /* Frameworks */,
				24351C5E2324DEAB00BCA5C2 /* Resources */,
			);
			buildRules = (
			);
			dependencies = (
				24351C622324DEAB00BCA5C2 /* PBXTargetDependency */,
			);
			name = LocationNotifyUITests;
			productName = LocationNotifyUITests;
			productReference = 24351C602324DEAB00BCA5C2 /* LocationNotifyUITests.xctest */;
			productType = "com.apple.product-type.bundle.ui-testing";
		};
		24351C682324DEAB00BCA5C2 /* LocationNotify WatchKit App */ = {
			isa = PBXNativeTarget;
			buildConfigurationList = 24351C8F2324DEAC00BCA5C2 /* Build configuration list for PBXNativeTarget "LocationNotify WatchKit App" */;
			buildPhases = (
				24351C672324DEAB00BCA5C2 /* Resources */,
				24351C8E2324DEAC00BCA5C2 /* Embed App Extensions */,
			);
			buildRules = (
			);
			dependencies = (
				24351C7B2324DEAC00BCA5C2 /* PBXTargetDependency */,
			);
			name = "LocationNotify WatchKit App";
			productName = "LocationNotify WatchKit App";
			productReference = 24351C692324DEAB00BCA5C2 /* LocationNotify WatchKit App.app */;
			productType = "com.apple.product-type.application.watchapp2";
		};
		24351C772324DEAC00BCA5C2 /* LocationNotify WatchKit Extension */ = {
			isa = PBXNativeTarget;
			buildConfigurationList = 24351C8B2324DEAC00BCA5C2 /* Build configuration list for PBXNativeTarget "LocationNotify WatchKit Extension" */;
			buildPhases = (
				24351C742324DEAC00BCA5C2 /* Sources */,
				24351C752324DEAC00BCA5C2 /* Frameworks */,
				24351C762324DEAC00BCA5C2 /* Resources */,
			);
			buildRules = (
			);
			dependencies = (
			);
			name = "LocationNotify WatchKit Extension";
			productName = "LocationNotify WatchKit Extension";
			productReference = 24351C782324DEAC00BCA5C2 /* LocationNotify WatchKit Extension.appex */;
			productType = "com.apple.product-type.watchkit2-extension";
		};
/* End PBXNativeTarget section */

/* Begin PBXProject section */
		24351C392324DEAA00BCA5C2 /* Project object */ = {
			isa = PBXProject;
			attributes = {
				LastSwiftUpdateCheck = 1030;
				LastUpgradeCheck = 1030;
				ORGANIZATIONNAME = example.dev;
				TargetAttributes = {
					24351C402324DEAA00BCA5C2 = {
						CreatedOnToolsVersion = 10.3;
						SystemCapabilities = {
							com.apple.BackgroundModes = {
								enabled = 1;
							};
						};
					};
					24351C542324DEAB00BCA5C2 = {
						CreatedOnToolsVersion = 10.3;
						TestTargetID = 24351C402324DEAA00BCA5C2;
					};
					24351C5F2324DEAB00BCA5C2 = {
						CreatedOnToolsVersion = 10.3;
						TestTargetID = 24351C402324DEAA00BCA5C2;
					};
					24351C682324DEAB00BCA5C2 = {
						CreatedOnToolsVersion = 10.3;
					};
					24351C772324DEAC00BCA5C2 = {
						CreatedOnToolsVersion = 10.3;
						SystemCapabilities = {
							com.apple.ApplicationGroups.iOS = {
								enabled = 0;
							};
							com.apple.BackgroundModes.watchos.extension = {
								enabled = 1;
							};
						};
					};
				};
			};
			buildConfigurationList = 24351C3C2324DEAA00BCA5C2 /* Build configuration list for PBXProject "LocationNotify" */;
			compatibilityVersion = "Xcode 9.3";
			developmentRegion = en;
			hasScannedForEncodings = 0;
			knownRegions = (
				en,
				Base,
			);
			mainGroup = 24351C382324DEAA00BCA5C2;
			productRefGroup = 24351C422324DEAA00BCA5C2 /* Products */;
			projectDirPath = "";
			projectRoot = "";
			targets = (
				24351C402324DEAA00BCA5C2 /* LocationNotify */,
				24351C542324DEAB00BCA5C2 /* LocationNotifyTests */,
				24351C5F2324DEAB00BCA5C2 /* LocationNotifyUITests */,
				24351C682324DEAB00BCA5C2 /* LocationNotify WatchKit App */,
				24351C772324DEAC00BCA5C2 /* LocationNotify WatchKit Extension */,
			);
		};
/* End PBXProject section */

/* Begin PBXResourcesBuildPhase section */
		24351C3F2324DEAA00BCA5C2 /* Resources */ = {
			isa = PBXResourcesBuildPhase;
			buildActionMask = 2147483647;
			files = (
				24351C4F2324DEAB00BCA5C2 /* LaunchScreen.storyboard in Resources */,
				24351C4C2324DEAB00BCA5C2 /* Assets.xcassets in Resources */,
				24351C4A2324DEAA00BCA5C2 /* Main.storyboard in Resources */,
			);
			runOnlyForDeploymentPostprocessing = 0;
		};
		24351C532324DEAB00BCA5C2 /* Resources */ = {
			isa = PBXResourcesBuildPhase;
			buildActionMask = 2147483647;
			files = (
			);
			runOnlyForDeploymentPostprocessing = 0;
		};
		24351C5E2324DEAB00BCA5C2 /* Resources */ = {
			isa = PBXResourcesBuildPhase;
			buildActionMask = 2147483647;
			files = (
			);
			runOnlyForDeploymentPostprocessing = 0;
		};
		24351C672324DEAB00BCA5C2 /* Resources */ = {
			isa = PBXResourcesBuildPhase;
			buildActionMask = 2147483647;
			files = (
				24351C722324DEAC00BCA5C2 /* Assets.xcassets in Resources */,
				24351C702324DEAB00BCA5C2 /* Interface.storyboard in Resources */,
			);
			runOnlyForDeploymentPostprocessing = 0;
		};
		24351C762324DEAC00BCA5C2 /* Resources */ = {
			isa = PBXResourcesBuildPhase;
			buildActionMask = 2147483647;
			files = (
				24351C862324DEAC00BCA5C2 /* Assets.xcassets in Resources */,
			);
			runOnlyForDeploymentPostprocessing = 0;
		};
/* End PBXResourcesBuildPhase section */

/* Begin PBXSourcesBuildPhase section */
		24351C3D2324DEAA00BCA5C2 /* Sources */ = {
			isa = PBXSourcesBuildPhase;
			buildActionMask = 2147483647;
			files = (
				24351C472324DEAA00BCA5C2 /* ViewController.swift in Sources */,
				24351C452324DEAA00BCA5C2 /* AppDelegate.swift in Sources */,
			);
			runOnlyForDeploymentPostprocessing = 0;
		};
		24351C512324DEAB00BCA5C2 /* Sources */ = {
			isa = PBXSourcesBuildPhase;
			buildActionMask = 2147483647;
			files = (
				24351C5A2324DEAB00BCA5C2 /* LocationNotifyTests.swift in Sources */,
			);
			runOnlyForDeploymentPostprocessing = 0;
		};
		24351C5C2324DEAB00BCA5C2 /* Sources */ = {
			isa = PBXSourcesBuildPhase;
			buildActionMask = 2147483647;
			files = (
				24351C652324DEAB00BCA5C2 /* LocationNotifyUITests.swift in Sources */,
			);
			runOnlyForDeploymentPostprocessing = 0;
		};
		24351C742324DEAC00BCA5C2 /* Sources */ = {
			isa = PBXSourcesBuildPhase;
			buildActionMask = 2147483647;
			files = (
				24351C822324DEAC00BCA5C2 /* NotificationController.swift in Sources */,
				24351C842324DEAC00BCA5C2 /* ComplicationController.swift in Sources */,
				24351C802324DEAC00BCA5C2 /* ExtensionDelegate.swift in Sources */,
				24351C7E2324DEAC00BCA5C2 /* InterfaceController.swift in Sources */,
			);
			runOnlyForDeploymentPostprocessing = 0;
		};
/* End PBXSourcesBuildPhase section */

/* Begin PBXTargetDependency section */
		24351C572324DEAB00BCA5C2 /* PBXTargetDependency */ = {
			isa = PBXTargetDependency;
			target = 24351C402324DEAA00BCA5C2 /* LocationNotify */;
			targetProxy = 24351C562324DEAB00BCA5C2 /* PBXContainerItemProxy */;
		};
		24351C622324DEAB00BCA5C2 /* PBXTargetDependency */ = {
			isa = PBXTargetDependency;
			target = 24351C402324DEAA00BCA5C2 /* LocationNotify */;
			targetProxy = 24351C612324DEAB00BCA5C2 /* PBXContainerItemProxy */;
		};
		24351C6C2324DEAB00BCA5C2 /* PBXTargetDependency */ = {
			isa = PBXTargetDependency;
			target = 24351C682324DEAB00BCA5C2 /* LocationNotify WatchKit App */;
			targetProxy = 24351C6B2324DEAB00BCA5C2 /* PBXContainerItemProxy */;
		};
		24351C7B2324DEAC00BCA5C2 /* PBXTargetDependency */ = {
			isa = PBXTargetDependency;
			target = 24351C772324DEAC00BCA5C2 /* LocationNotify WatchKit Extension */;
			targetProxy = 24351C7A2324DEAC00BCA5C2 /* PBXContainerItemProxy */;
		};
/* End PBXTargetDependency section */

/* Begin PBXVariantGroup section */
		24351C482324DEAA00BCA5C2 /* Main.storyboard */ = {
			isa = PBXVariantGroup;
			children = (
				24351C492324DEAA00BCA5C2 /* Base */,
			);
			name = Main.storyboard;
			sourceTree = "<group>";
		};
		24351C4D2324DEAB00BCA5C2 /* LaunchScreen.storyboard */ = {
			isa = PBXVariantGroup;
			children = (
				24351C4E2324DEAB00BCA5C2 /* Base */,
			);
			name = LaunchScreen.storyboard;
			sourceTree = "<group>";
		};
		24351C6E2324DEAB00BCA5C2 /* Interface.storyboard */ = {
			isa = PBXVariantGroup;
			children = (
				24351C6F2324DEAB00BCA5C2 /* Base */,
			);
			name = Interface.storyboard;
			sourceTree = "<group>";
		};
/* End PBXVariantGroup section */

/* Begin XCBuildConfiguration section */
		24351C892324DEAC00BCA5C2 /* Debug */ = {
			isa = XCBuildConfiguration;
			buildSettings = {
				ALWAYS_SEARCH_USER_PATHS = NO;
				CLANG_ANALYZER_NONNULL = YES;
				CLANG_ANALYZER_NUMBER_OBJECT_CONVERSION = YES_AGGRESSIVE;
				CLANG_CXX_LANGUAGE_STANDARD = "gnu++14";
				CLANG_CXX_LIBRARY = "libc++";
				CLANG_ENABLE_MODULES = YES;
				CLANG_ENABLE_OBJC_ARC = YES;
				CLANG_ENABLE_OBJC_WEAK = YES;
				CLANG_WARN_BLOCK_CAPTURE_AUTORELEASING = YES;
				CLANG_WARN_BOOL_CONVERSION = YES;
				CLANG_WARN_COMMA = YES;
				CLANG_WARN_CONSTANT_CONVERSION = YES;
				CLANG_WARN_DEPRECATED_OBJC_IMPLEMENTATIONS = YES;
				CLANG_WARN_DIRECT_OBJC_ISA_USAGE = YES_ERROR;
				CLANG_WARN_DOCUMENTATION_COMMENTS = YES;
				CLANG_WARN_EMPTY_BODY = YES;
				CLANG_WARN_ENUM_CONVERSION = YES;
				CLANG_WARN_INFINITE_RECURSION = YES;
				CLANG_WARN_INT_CONVERSION = YES;
				CLANG_WARN_NON_LITERAL_NULL_CONVERSION = YES;
				CLANG_WARN_OBJC_IMPLICIT_RETAIN_SELF = YES;
				CLANG_WARN_OBJC_LITERAL_CONVERSION = YES;
				CLANG_WARN_OBJC_ROOT_CLASS = YES_ERROR;
				CLANG_WARN_RANGE_LOOP_ANALYSIS = YES;
				CLANG_WARN_STRICT_PROTOTYPES = YES;
				CLANG_WARN_SUSPICIOUS_MOVE = YES;
				CLANG_WARN_UNGUARDED_AVAILABILITY = YES_AGGRESSIVE;
				CLANG_WARN_UNREACHABLE_CODE = YES;
				CLANG_WARN__DUPLICATE_METHOD_MATCH = YES;
				CODE_SIGN_IDENTITY = "iPhone Developer";
				COPY_PHASE_STRIP = NO;
				DEBUG_INFORMATION_FORMAT = dwarf;
				ENABLE_STRICT_OBJC_MSGSEND = YES;
				ENABLE_TESTABILITY = YES;
				GCC_C_LANGUAGE_STANDARD = gnu11;
				GCC_DYNAMIC_NO_PIC = NO;
				GCC_NO_COMMON_BLOCKS = YES;
				GCC_OPTIMIZATION_LEVEL = 0;
				GCC_PREPROCESSOR_DEFINITIONS = (
					"DEBUG=1",
					"$(inherited)",
				);
				GCC_WARN_64_TO_32_BIT_CONVERSION = YES;
				GCC_WARN_ABOUT_RETURN_TYPE = YES_ERROR;
				GCC_WARN_UNDECLARED_SELECTOR = YES;
				GCC_WARN_UNINITIALIZED_AUTOS = YES_AGGRESSIVE;
				GCC_WARN_UNUSED_FUNCTION = YES;
				GCC_WARN_UNUSED_VARIABLE = YES;
				IPHONEOS_DEPLOYMENT_TARGET = 12.4;
				MTL_ENABLE_DEBUG_INFO = INCLUDE_SOURCE;
				MTL_FAST_MATH = YES;
				ONLY_ACTIVE_ARCH = YES;
				SDKROOT = iphoneos;
				SWIFT_ACTIVE_COMPILATION_CONDITIONS = DEBUG;
				SWIFT_OPTIMIZATION_LEVEL = "-Onone";
			};
			name = Debug;
		};
		24351C8A2324DEAC00BCA5C2 /* Release */ = {
			isa = XCBuildConfiguration;
			buildSettings = {
				ALWAYS_SEARCH_USER_PATHS = NO;
				CLANG_ANALYZER_NONNULL = YES;
				CLANG_ANALYZER_NUMBER_OBJECT_CONVERSION = YES_AGGRESSIVE;
				CLANG_CXX_LANGUAGE_STANDARD = "gnu++14";
				CLANG_CXX_LIBRARY = "libc++";
				CLANG_ENABLE_MODULES = YES;
				CLANG_ENABLE_OBJC_ARC = YES;
				CLANG_ENABLE_OBJC_WEAK = YES;
				CLANG_WARN_BLOCK_CAPTURE_AUTORELEASING = YES;
				CLANG_WARN_BOOL_CONVERSION = YES;
				CLANG_WARN_COMMA = YES;
				CLANG_WARN_CONSTANT_CONVERSION = YES;
				CLANG_WARN_DEPRECATED_OBJC_IMPLEMENTATIONS = YES;
				CLANG_WARN_DIRECT_OBJC_ISA_USAGE = YES_ERROR;
				CLANG_WARN_DOCUMENTATION_COMMENTS = YES;
				CLANG_WARN_EMPTY_BODY = YES;
				CLANG_WARN_ENUM_CONVERSION = YES;
				CLANG_WARN_INFINITE_RECURSION = YES;
				CLANG_WARN_INT_CONVERSION = YES;
				CLANG_WARN_NON_LITERAL_NULL_CONVERSION = YES;
				CLANG_WARN_OBJC_IMPLICIT_RETAIN_SELF = YES;
				CLANG_WARN_OBJC_LITERAL_CONVERSION = YES;
				CLANG_WARN_OBJC_ROOT_CLASS = YES_ERROR;
				CLANG_WARN_RANGE_LOOP_ANALYSIS = YES;
				CLANG_WARN_STRICT_PROTOTYPES = YES;
				CLANG_WARN_SUSPICIOUS_MOVE = YES;
				CLANG_WARN_UNGUARDED_AVAILABILITY = YES_AGGRESSIVE;
				CLANG_WARN_UNREACHABLE_CODE = YES;
				CLANG_WARN__DUPLICATE_METHOD_MATCH = YES;
				CODE_SIGN_IDENTITY = "iPhone Developer";
				COPY_PHASE_STRIP = NO;
				DEBUG_INFORMATION_FORMAT = "dwarf-with-dsym";
				ENABLE_NS_ASSERTIONS = NO;
				ENABLE_STRICT_OBJC_MSGSEND = YES;
				GCC_C_LANGUAGE_STANDARD = gnu11;
				GCC_NO_COMMON_BLOCKS = YES;
				GCC_WARN_64_TO_32_BIT_CONVERSION = YES;
				GCC_WARN_ABOUT_RETURN_TYPE = YES_ERROR;
				GCC_WARN_UNDECLARED_SELECTOR = YES;
				GCC_WARN_UNINITIALIZED_AUTOS = YES_AGGRESSIVE;
				GCC_WARN_UNUSED_FUNCTION = YES;
				GCC_WARN_UNUSED_VARIABLE = YES;
				IPHONEOS_DEPLOYMENT_TARGET = 12.4;
				MTL_ENABLE_DEBUG_INFO = NO;
				MTL_FAST_MATH = YES;
				SDKROOT = iphoneos;
				SWIFT_COMPILATION_MODE = wholemodule;
				SWIFT_OPTIMIZATION_LEVEL = "-O";
				VALIDATE_PRODUCT = YES;
			};
			name = Release;
		};
		24351C8C2324DEAC00BCA5C2 /* Debug */ = {
			isa = XCBuildConfiguration;
			buildSettings = {
				ASSETCATALOG_COMPILER_COMPLICATION_NAME = Complication;
				CODE_SIGN_STYLE = Automatic;
				DEVELOPMENT_TEAM = SV5WFJWJ8T;
				INFOPLIST_FILE = "LocationNotify WatchKit Extension/Info.plist";
				LD_RUNPATH_SEARCH_PATHS = (
					"$(inherited)",
					"@executable_path/Frameworks",
					"@executable_path/../../Frameworks",
				);
				PRODUCT_BUNDLE_IDENTIFIER = dev.example.LocationNotify.watchkitapp.watchkitextension;
				PRODUCT_NAME = "${TARGET_NAME}";
				SDKROOT = watchos;
				SKIP_INSTALL = YES;
				SWIFT_VERSION = 5.0;
				TARGETED_DEVICE_FAMILY = 4;
				WATCHOS_DEPLOYMENT_TARGET = 5.3;
			};
			name = Debug;
		};
		24351C8D2324DEAC00BCA5C2 /* Release */ = {
			isa = XCBuildConfiguration;
			buildSettings = {
				ASSETCATALOG_COMPILER_COMPLICATION_NAME = Complication;
				CODE_SIGN_STYLE = Automatic;
				DEVELOPMENT_TEAM = SV5WFJWJ8T;
				INFOPLIST_FILE = "LocationNotify WatchKit Extension/Info.plist";
				LD_RUNPATH_SEARCH_PATHS = (
					"$(inherited)",
					"@executable_path/Frameworks",
					"@executable_path/../../Frameworks",
				);
				PRODUCT_BUNDLE_IDENTIFIER = dev.example.LocationNotify.watchkitapp.watchkitextension;
				PRODUCT_NAME = "${TARGET_NAME}";
				SDKROOT = watchos;
				SKIP_INSTALL = YES;
				SWIFT_VERSION = 5.0;
				TARGETED_DEVICE_FAMILY = 4;
				WATCHOS_DEPLOYMENT_TARGET = 5.3;
			};
			name = Release;
		};
		24351C902324DEAC00BCA5C2 /* Debug */ = {
			isa = XCBuildConfiguration;
			buildSettings = {
				ALWAYS_EMBED_SWIFT_STANDARD_LIBRARIES = YES;
				ASSETCATALOG_COMPILER_APPICON_NAME = AppIcon;
				CODE_SIGN_STYLE = Automatic;
				DEVELOPMENT_TEAM = SV5WFJWJ8T;
				IBSC_MODULE = LocationNotify_WatchKit_Extension;
				INFOPLIST_FILE = "LocationNotify WatchKit App/Info.plist";
				PRODUCT_BUNDLE_IDENTIFIER = dev.example.LocationNotify.watchkitapp;
				PRODUCT_NAME = "$(TARGET_NAME)";
				SDKROOT = watchos;
				SKIP_INSTALL = YES;
				SWIFT_VERSION = 5.0;
				TARGETED_DEVICE_FAMILY = 4;
				WATCHOS_DEPLOYMENT_TARGET = 5.3;
			};
			name = Debug;
		};
		24351C912324DEAC00BCA5C2 /* Release */ = {
			isa = XCBuildConfiguration;
			buildSettings = {
				ALWAYS_EMBED_SWIFT_STANDARD_LIBRARIES = YES;
				ASSETCATALOG_COMPILER_APPICON_NAME = AppIcon;
				CODE_SIGN_STYLE = Automatic;
				DEVELOPMENT_TEAM = SV5WFJWJ8T;
				IBSC_MODULE = LocationNotify_WatchKit_Extension;
				INFOPLIST_FILE = "LocationNotify WatchKit App/Info.plist";
				PRODUCT_BUNDLE_IDENTIFIER = dev.example.LocationNotify.watchkitapp;
				PRODUCT_NAME = "$(TARGET_NAME)";
				SDKROOT = watchos;
				SKIP_INSTALL = YES;
				SWIFT_VERSION = 5.0;
				TARGETED_DEVICE_FAMILY = 4;
				WATCHOS_DEPLOYMENT_TARGET = 5.3;
			};
			name = Release;
		};
		24351C942324DEAC00BCA5C2 /* Debug */ = {
			isa = XCBuildConfiguration;
			buildSettings = {
				ASSETCATALOG_COMPILER_APPICON_NAME = AppIcon;
				CODE_SIGN_STYLE = Automatic;
				DEVELOPMENT_TEAM = SV5WFJWJ8T;
				INFOPLIST_FILE = LocationNotify/Info.plist;
				LD_RUNPATH_SEARCH_PATHS = (
					"$(inherited)",
					"@executable_path/Frameworks",
				);
				PRODUCT_BUNDLE_IDENTIFIER = dev.example.LocationNotify;
				PRODUCT_NAME = "$(TARGET_NAME)";
				SWIFT_VERSION = 5.0;
				TARGETED_DEVICE_FAMILY = "1,2";
			};
			name = Debug;
		};
		24351C952324DEAC00BCA5C2 /* Release */ = {
			isa = XCBuildConfiguration;
			buildSettings = {
				ASSETCATALOG_COMPILER_APPICON_NAME = AppIcon;
				CODE_SIGN_STYLE = Automatic;
				DEVELOPMENT_TEAM = SV5WFJWJ8T;
				INFOPLIST_FILE = LocationNotify/Info.plist;
				LD_RUNPATH_SEARCH_PATHS = (
					"$(inherited)",
					"@executable_path/Frameworks",
				);
				PRODUCT_BUNDLE_IDENTIFIER = dev.example.LocationNotify;
				PRODUCT_NAME = "$(TARGET_NAME)";
				SWIFT_VERSION = 5.0;
				TARGETED_DEVICE_FAMILY = "1,2";
			};
			name = Release;
		};
		24351C972324DEAC00BCA5C2 /* Debug */ = {
			isa = XCBuildConfiguration;
			buildSettings = {
				ALWAYS_EMBED_SWIFT_STANDARD_LIBRARIES = YES;
				BUNDLE_LOADER = "$(TEST_HOST)";
				CODE_SIGN_STYLE = Automatic;
				DEVELOPMENT_TEAM = SV5WFJWJ8T;
				INFOPLIST_FILE = LocationNotifyTests/Info.plist;
				LD_RUNPATH_SEARCH_PATHS = (
					"$(inherited)",
					"@executable_path/Frameworks",
					"@loader_path/Frameworks",
				);
				PRODUCT_BUNDLE_IDENTIFIER = dev.example.LocationNotifyTests;
				PRODUCT_NAME = "$(TARGET_NAME)";
				SWIFT_VERSION = 5.0;
				TARGETED_DEVICE_FAMILY = "1,2";
				TEST_HOST = "$(BUILT_PRODUCTS_DIR)/LocationNotify.app/LocationNotify";
			};
			name = Debug;
		};
		24351C982324DEAC00BCA5C2 /* Release */ = {
			isa = XCBuildConfiguration;
			buildSettings = {
				ALWAYS_EMBED_SWIFT_STANDARD_LIBRARIES = YES;
				BUNDLE_LOADER = "$(TEST_HOST)";
				CODE_SIGN_STYLE = Automatic;
				DEVELOPMENT_TEAM = SV5WFJWJ8T;
				INFOPLIST_FILE = LocationNotifyTests/Info.plist;
				LD_RUNPATH_SEARCH_PATHS = (
					"$(inherited)",
					"@executable_path/Frameworks",
					"@loader_path/Frameworks",
				);
				PRODUCT_BUNDLE_IDENTIFIER = dev.example.LocationNotifyTests;
				PRODUCT_NAME = "$(TARGET_NAME)";
				SWIFT_VERSION = 5.0;
				TARGETED_DEVICE_FAMILY = "1,2";
				TEST_HOST = "$(BUILT_PRODUCTS_DIR)/LocationNotify.app/LocationNotify";
			};
			name = Release;
		};
		24351C9A2324DEAC00BCA5C2 /* Debug */ = {
			isa = XCBuildConfiguration;
			buildSettings = {
				ALWAYS_EMBED_SWIFT_STANDARD_LIBRARIES = YES;
				CODE_SIGN_STYLE = Automatic;
				DEVELOPMENT_TEAM = SV5WFJWJ8T;
				INFOPLIST_FILE = LocationNotifyUITests/Info.plist;
				LD_RUNPATH_SEARCH_PATHS = (
					"$(inherited)",
					"@executable_path/Frameworks",
					"@loader_path/Frameworks",
				);
				PRODUCT_BUNDLE_IDENTIFIER = dev.example.LocationNotifyUITests;
				PRODUCT_NAME = "$(TARGET_NAME)";
				SWIFT_VERSION = 5.0;
				TARGETED_DEVICE_FAMILY = "1,2";
				TEST_TARGET_NAME = LocationNotify;
			};
			name = Debug;
		};
		24351C9B2324DEAC00BCA5C2 /* Release */ = {
			isa = XCBuildConfiguration;
			buildSettings = {
				ALWAYS_EMBED_SWIFT_STANDARD_LIBRARIES = YES;
				CODE_SIGN_STYLE = Automatic;
				DEVELOPMENT_TEAM = SV5WFJWJ8T;
				INFOPLIST_FILE = LocationNotifyUITests/Info.plist;
				LD_RUNPATH_SEARCH_PATHS = (
					"$(inherited)",
					"@executable_path/Frameworks",
					"@loader_path/Frameworks",
				);
				PRODUCT_BUNDLE_IDENTIFIER = dev.example.LocationNotifyUITests;
				PRODUCT_NAME = "$(TARGET_NAME)";
				SWIFT_VERSION = 5.0;
				TARGETED_DEVICE_FAMILY = "1,2";
				TEST_TARGET_NAME = LocationNotify;
			};
			name = Release;
		};
/* End XCBuildConfiguration section */

/* Begin XCConfigurationList section */
		24351C3C2324DEAA00BCA5C2 /* Build configuration list for PBXProject "LocationNotify" */ = {
			isa = XCConfigurationList;
			buildConfigurations = (
				24351C892324DEAC00BCA5C2 /* Debug */,
				24351C8A2324DEAC00BCA5C2 /* Release */,
			);
			defaultConfigurationIsVisible = 0;
			defaultConfigurationName = Release;
		};
		24351C8B2324DEAC00BCA5C2 /* Build configuration list for PBXNativeTarget "LocationNotify WatchKit Extension" */ = {
			isa = XCConfigurationList;
			buildConfigurations = (
				24351C8C2324DEAC00BCA5C2 /* Debug */,
				24351C8D2324DEAC00BCA5C2 /* Release */,
			);
			defaultConfigurationIsVisible = 0;
			defaultConfigurationName = Release;
		};
		24351C8F2324DEAC00BCA5C2 /* Build configuration list for PBXNativeTarget "LocationNotify WatchKit App" */ = {
			isa = XCConfigurationList;
			buildConfigurations = (
				24351C902324DEAC00BCA5C2 /* Debug */,
				24351C912324DEAC00BCA5C2 /* Release */,
			);
			defaultConfigurationIsVisible = 0;
			defaultConfigurationName = Release;
		};
		24351C932324DEAC00BCA5C2 /* Build configuration list for PBXNativeTarget "LocationNotify" */ = {
			isa = XCConfigurationList;
			buildConfigurations = (
				24351C942324DEAC00BCA5C2 /* Debug */,
				24351C952324DEAC00BCA5C2 /* Release */,
			);
			defaultConfigurationIsVisible = 0;
			defaultConfigurationName = Release;
		};
		24351C962324DEAC00BCA5C2 /* Build configuration list for PBXNativeTarget "LocationNotifyTests" */ = {
			isa = XCConfigurationList;
			buildConfigurations = (
				24351C972324DEAC00BCA5C2 /* Debug */,
				24351C982324DEAC00BCA5C2 /* Release */,
			);
			defaultConfigurationIsVisible = 0;
			defaultConfigurationName = Release;
		};
		24351C992324DEAC00BCA5C2 /* Build configuration list for PBXNativeTarget "LocationNotifyUITests" */ = {
			isa = XCConfigurationList;
			buildConfigurations = (
				24351C9A2324DEAC00BCA5C2 /* Debug */,
				24351C9B2324DEAC00BCA5C2 /* Release */,
			);
			defaultConfigurationIsVisible = 0;
			defaultConfigurationName = Release;
		};
/* End XCConfigurationList section */
	};
	rootObject = 24351C392324DEAA00BCA5C2 /* Project object */;
}
